
Microsoft Visual Studio Solution File, Format Version 12.00
# Visual Studio Version 17
VisualStudioVersion = 17.6.33723.286
MinimumVisualStudioVersion = 10.0.40219.1
Project("{FAE04EC0-301F-11D3-BF4B-00C04F79EFBC}") = "DockerTraining", "DockerTraining\DockerTraining.csproj", "{F6F79F0F-6862-487C-A997-84BDD8E51139}"
EndProject
Global
	GlobalSection(SolutionConfigurationPlatforms) = preSolution
		Debug|Any CPU = Debug|Any CPU
		Release|Any CPU = Release|Any CPU
	EndGlobalSection
	GlobalSection(ProjectConfigurationPlatforms) = postSolution
		{F6F79F0F-6862-487C-A997-84BDD8E51139}.Debug|Any CPU.ActiveCfg = Debug|Any CPU
		{F6F79F0F-6862-487C-A997-84BDD8E51139}.Debug|Any CPU.Build.0 = Debug|Any CPU
		{F6F79F0F-6862-487C-A997-84BDD8E51139}.Release|Any CPU.ActiveCfg = Release|Any CPU
		{F6F79F0F-6862-487C-A997-84BDD8E51139}.Release|Any CPU.Build.0 = Release|Any CPU
	EndGlobalSection
	GlobalSection(SolutionProperties) = preSolution
		HideSolutionNode = FALSE
	EndGlobalSection
	GlobalSection(ExtensibilityGlobals) = postSolution
		SolutionGuid = {4B121EAC-65A8-44AA-8C58-F4661F40DA6A}
	EndGlobalSection
EndGlobal
